{
    "requires": true,
    "lockfileVersion": 1,
    "dependencies": {
        "bootstrap-select": {
            "version": "1.13.5",
            "resolved": "https://registry.npmjs.org/bootstrap-select/-/bootstrap-select-1.13.5.tgz",
            "integrity": "sha512-1uYsYLB4FvGdwM6qzIfTxp6sP5gDqjPgWNHJztBfYUTIo1GUYG5zzmMVWiJvdxJlsvBXZ9AObmeZdzi0eg2jaA=="
        },
        "inputmask": {
            "version": "4.0.6",
            "resolved": "https://registry.npmjs.org/inputmask/-/inputmask-4.0.6.tgz",
            "integrity": "sha512-zHw2jO1RSTU/aoKjsVsBQF56m3SYA3IEsIZmb6anvoUBlPRMgXtKWtj/Pux7o/O8JNikGLLRN6LGBISzHRlabw=="
        }
    }
}
